PODS:
  - ActionButton (0.1.5)
  - Bolts/Tasks (1.9.0)
  - FacebookCore (0.8.0):
    - FBSDKCoreKit (~> 5.0)
  - FacebookLogin (0.8.0):
    - FacebookCore (~> 0.8.0)
    - FBSDKCoreKit (~> 5.0)
    - FBSDKLoginKit (~> 5.0)
  - FacebookShare (0.8.0):
    - FacebookCore (~> 0.8.0)
    - FBSDKCoreKit (~> 5.0)
    - FBSDKShareKit (~> 5.0)
  - FBSDKCoreKit (5.3.0):
    - FBSDKCoreKit/Basics (= 5.3.0)
    - FBSDKCoreKit/Core (= 5.3.0)
  - FBSDKCoreKit/Basics (5.3.0)
  - FBSDKCoreKit/Core (5.3.0):
    - FBSDKCoreKit/Basics
  - FBSDKLoginKit (5.3.0):
    - FBSDKCoreKit (~> 5.0)
  - FBSDKShareKit (5.3.0):
    - FBSDKCoreKit (~> 5.0)
  - Parse (1.17.2):
    - Parse/Core (= 1.17.2)
  - Parse/Core (1.17.2):
    - Bolts/Tasks (~> 1.9)

DEPENDENCIES:
  - ActionButton
  - FacebookCore
  - FacebookLogin
  - FacebookShare
  - Parse

SPEC REPOS:
  https://github.com/cocoapods/specs.git:
    - ActionButton
    - Bolts
    - FacebookCore
    - FacebookLogin
    - FacebookShare
    - FBSDKCoreKit
    - FBSDKLoginKit
    - FBSDKShareKit
    - Parse

SPEC CHECKSUMS:
  ActionButton: a71147de5a83b6d8d8e18464b216904ba7821677
  Bolts: ac6567323eac61e203f6a9763667d0f711be34c8
  FacebookCore: 563bb4cbcd7dd86cf89f3729252140bf256aacaa
  FacebookLogin: 8b966ae661e95e7dba837d7cc49cc464ce003dba
  FacebookShare: e75d5e81ef7bd7aab2f865446c4c27015b43bae6
  FBSDKCoreKit: 39748deefe37a005f983722e433be2ddcdd83ae7
  FBSDKLoginKit: bc0329e10045789e8d40b12d4f15ddbd07a898e2
  FBSDKShareKit: f61d03f36ce4f1b379c7de7dbfe173662e68be44
  Parse: 3b31a3dd1777b07ee7f0caee32fafbff544483a5

PODFILE CHECKSUM: 9f07c78ab144f7d14c2fb9eeb7b6fe340df6fee3

COCOAPODS: 1.7.5
